
Microsoft Visual Studio Solution File, Format Version 12.00
# Visual Studio 15
Project("{FAE04EC0-301F-11D3-BF4B-00C04F79EFBC}") = "ToDoPOC.Android", "ToDoPOC.Android\ToDoPOC.Android.csproj", "{4D501163-4B90-4FB5-A56E-0BC8B2BC8280}"
EndProject
Project("{FAE04EC0-301F-11D3-BF4B-00C04F79EFBC}") = "ToDoPOC.iOS", "ToDoPOC.iOS\ToDoPOC.iOS.csproj", "{3A8D8ED1-A30B-483C-B134-B25D2757C5F3}"
EndProject
Project("{D954291E-2A0B-460D-934E-DC6B0785DB48}") = "ToDoPOC", "ToDoPOC\ToDoPOC.shproj", "{0F1EEF96-4906-4C70-B1FE-4C9A8A0C03BD}"
EndProject
Global
	GlobalSection(SolutionConfigurationPlatforms) = preSolution
		Debug|Any CPU = Debug|Any CPU
		Release|Any CPU = Release|Any CPU
		Debug|iPhoneSimulator = Debug|iPhoneSimulator
		Release|iPhoneSimulator = Release|iPhoneSimulator
		Debug|iPhone = Debug|iPhone
		Release|iPhone = Release|iPhone
	EndGlobalSection
	GlobalSection(ProjectConfigurationPlatforms) = postSolution
		{4D501163-4B90-4FB5-A56E-0BC8B2BC8280}.Debug|Any CPU.ActiveCfg = Debug|Any CPU
		{4D501163-4B90-4FB5-A56E-0BC8B2BC8280}.Debug|Any CPU.Build.0 = Debug|Any CPU
		{4D501163-4B90-4FB5-A56E-0BC8B2BC8280}.Release|Any CPU.ActiveCfg = Release|Any CPU
		{4D501163-4B90-4FB5-A56E-0BC8B2BC8280}.Release|Any CPU.Build.0 = Release|Any CPU
		{4D501163-4B90-4FB5-A56E-0BC8B2BC8280}.Debug|iPhoneSimulator.ActiveCfg = Debug|Any CPU
		{4D501163-4B90-4FB5-A56E-0BC8B2BC8280}.Debug|iPhoneSimulator.Build.0 = Debug|Any CPU
		{4D501163-4B90-4FB5-A56E-0BC8B2BC8280}.Release|iPhoneSimulator.ActiveCfg = Release|Any CPU
		{4D501163-4B90-4FB5-A56E-0BC8B2BC8280}.Release|iPhoneSimulator.Build.0 = Release|Any CPU
		{4D501163-4B90-4FB5-A56E-0BC8B2BC8280}.Debug|iPhone.ActiveCfg = Debug|Any CPU
		{4D501163-4B90-4FB5-A56E-0BC8B2BC8280}.Debug|iPhone.Build.0 = Debug|Any CPU
		{4D501163-4B90-4FB5-A56E-0BC8B2BC8280}.Release|iPhone.ActiveCfg = Release|Any CPU
		{4D501163-4B90-4FB5-A56E-0BC8B2BC8280}.Release|iPhone.Build.0 = Release|Any CPU
		{3A8D8ED1-A30B-483C-B134-B25D2757C5F3}.Debug|Any CPU.ActiveCfg = Debug|iPhoneSimulator
		{3A8D8ED1-A30B-483C-B134-B25D2757C5F3}.Debug|Any CPU.Build.0 = Debug|iPhoneSimulator
		{3A8D8ED1-A30B-483C-B134-B25D2757C5F3}.Release|Any CPU.ActiveCfg = Release|iPhoneSimulator
		{3A8D8ED1-A30B-483C-B134-B25D2757C5F3}.Release|Any CPU.Build.0 = Release|iPhoneSimulator
		{3A8D8ED1-A30B-483C-B134-B25D2757C5F3}.Debug|iPhoneSimulator.ActiveCfg = Debug|iPhoneSimulator
		{3A8D8ED1-A30B-483C-B134-B25D2757C5F3}.Debug|iPhoneSimulator.Build.0 = Debug|iPhoneSimulator
		{3A8D8ED1-A30B-483C-B134-B25D2757C5F3}.Release|iPhoneSimulator.ActiveCfg = Release|iPhoneSimulator
		{3A8D8ED1-A30B-483C-B134-B25D2757C5F3}.Release|iPhoneSimulator.Build.0 = Release|iPhoneSimulator
		{3A8D8ED1-A30B-483C-B134-B25D2757C5F3}.Debug|iPhone.ActiveCfg = Debug|iPhone
		{3A8D8ED1-A30B-483C-B134-B25D2757C5F3}.Debug|iPhone.Build.0 = Debug|iPhone
		{3A8D8ED1-A30B-483C-B134-B25D2757C5F3}.Release|iPhone.ActiveCfg = Release|iPhone
		{3A8D8ED1-A30B-483C-B134-B25D2757C5F3}.Release|iPhone.Build.0 = Release|iPhone
	EndGlobalSection
EndGlobal
